// !$*UTF8*$!
{
	archiveVersion = 1;
	classes = {
	};
	objectVersion = 77;
	objects = {

/* Begin PBXContainerItemProxy section */
		824E51982F10EE0100518BA8 /* PBXContainerItemProxy */ = {
			isa = PBXContainerItemProxy;
			containerPortal = 824E517E2F10EDFF00518BA8 /* Project object */;
			proxyType = 1;
			remoteGlobalIDString = 824E51852F10EDFF00518BA8;
			remoteInfo = "Pocket Finance Smart Capital";
		};
		824E51A22F10EE0200518BA8 /* PBXContainerItemProxy */ = {
			isa = PBXContainerItemProxy;
			containerPortal = 824E517E2F10EDFF00518BA8 /* Project object */;
			proxyType = 1;
			remoteGlobalIDString = 824E51852F10EDFF00518BA8;
			remoteInfo = "Pocket Finance Smart Capital";
		};
/* End PBXContainerItemProxy section */

/* Begin PBXFileReference section */
		824E51862F10EDFF00518BA8 /* Pocket Finance Smart Capital.app */ = {isa = PBXFileReference; explicitFileType = wrapper.application; includeInIndex = 0; path = "Pocket Finance Smart Capital.app"; sourceTree = BUILT_PRODUCTS_DIR; };
		824E51972F10EE0100518BA8 /* Pocket Finance Smart CapitalTests.xctest */ = {isa = PBXFileReference; explicitFileType = wrapper.cfbundle; includeInIndex = 0; path = "Pocket Finance Smart CapitalTests.xctest"; sourceTree = BUILT_PRODUCTS_DIR; };
		824E51A12F10EE0200518BA8 /* Pocket Finance Smart CapitalUITests.xctest */ = {isa = PBXFileReference; explicitFileType = wrapper.cfbundle; includeInIndex = 0; path = "Pocket Finance Smart CapitalUITests.xctest"; sourceTree = BUILT_PRODUCTS_DIR; };
/* End PBXFileReference section */

/* Begin PBXFileSystemSynchronizedRootGroup section */
		824E51882F10EDFF00518BA8 /* Pocket Finance Smart Capital */ = {
			isa = PBXFileSystemSynchronizedRootGroup;
			path = "Pocket Finance Smart Capital";
			sourceTree = "<group>";
		};
		824E519A2F10EE0100518BA8 /* Pocket Finance Smart CapitalTests */ = {
			isa = PBXFileSystemSynchronizedRootGroup;
			path = "Pocket Finance Smart CapitalTests";
			sourceTree = "<group>";
		};
		824E51A42F10EE0200518BA8 /* Pocket Finance Smart CapitalUITests */ = {
			isa = PBXFileSystemSynchronizedRootGroup;
			path = "Pocket Finance Smart CapitalUITests";
			sourceTree = "<group>";
		};
/* End PBXFileSystemSynchronizedRootGroup section */

/* Begin PBXFrameworksBuildPhase section */
		824E51832F10EDFF00518BA8 /* Frameworks */ = {
			isa = PBXFrameworksBuildPhase;
			buildActionMask = 2147483647;
			files = (
			);
			runOnlyForDeploymentPostprocessing = 0;
		};
		824E51942F10EE0100518BA8 /* Frameworks */ = {
			isa = PBXFrameworksBuildPhase;
			buildActionMask = 2147483647;
			files = (
			);
			runOnlyForDeploymentPostprocessing = 0;
		};
		824E519E2F10EE0200518BA8 /* Frameworks */ = {
			isa = PBXFrameworksBuildPhase;
			buildActionMask = 2147483647;
			files = (
			);
			runOnlyForDeploymentPostprocessing = 0;
		};
/* End PBXFrameworksBuildPhase section */

/* Begin PBXGroup section */
		824E517D2F10EDFF00518BA8 = {
			isa = PBXGroup;
			children = (
				824E51882F10EDFF00518BA8 /* Pocket Finance Smart Capital */,
				824E519A2F10EE0100518BA8 /* Pocket Finance Smart CapitalTests */,
				824E51A42F10EE0200518BA8 /* Pocket Finance Smart CapitalUITests */,
				824E51872F10EDFF00518BA8 /* Products */,
			);
			sourceTree = "<group>";
		};
		824E51872F10EDFF00518BA8 /* Products */ = {
			isa = PBXGroup;
			children = (
				824E51862F10EDFF00518BA8 /* Pocket Finance Smart Capital.app */,
				824E51972F10EE0100518BA8 /* Pocket Finance Smart CapitalTests.xctest */,
				824E51A12F10EE0200518BA8 /* Pocket Finance Smart CapitalUITests.xctest */,
			);
			name = Products;
			sourceTree = "<group>";
		};
/* End PBXGroup section */

/* Begin PBXNativeTarget section */
		824E51852F10EDFF00518BA8 /* Pocket Finance Smart Capital */ = {
			isa = PBXNativeTarget;
			buildConfigurationList = 824E51AB2F10EE0200518BA8 /* Build configuration list for PBXNativeTarget "Pocket Finance Smart Capital" */;
			buildPhases = (
				824E51822F10EDFF00518BA8 /* Sources */,
				824E51832F10EDFF00518BA8 /* Frameworks */,
				824E51842F10EDFF00518BA8 /* Resources */,
			);
			buildRules = (
			);
			dependencies = (
			);
			fileSystemSynchronizedGroups = (
				824E51882F10EDFF00518BA8 /* Pocket Finance Smart Capital */,
			);
			name = "Pocket Finance Smart Capital";
			packageProductDependencies = (
			);
			productName = "Pocket Finance Smart Capital";
			productReference = 824E51862F10EDFF00518BA8 /* Pocket Finance Smart Capital.app */;
			productType = "com.apple.product-type.application";
		};
		824E51962F10EE0100518BA8 /* Pocket Finance Smart CapitalTests */ = {
			isa = PBXNativeTarget;
			buildConfigurationList = 824E51AE2F10EE0200518BA8 /* Build configuration list for PBXNativeTarget "Pocket Finance Smart CapitalTests" */;
			buildPhases = (
				824E51932F10EE0100518BA8 /* Sources */,
				824E51942F10EE0100518BA8 /* Frameworks */,
				824E51952F10EE0100518BA8 /* Resources */,
			);
			buildRules = (
			);
			dependencies = (
				824E51992F10EE0100518BA8 /* PBXTargetDependency */,
			);
			fileSystemSynchronizedGroups = (
				824E519A2F10EE0100518BA8 /* Pocket Finance Smart CapitalTests */,
			);
			name = "Pocket Finance Smart CapitalTests";
			packageProductDependencies = (
			);
			productName = "Pocket Finance Smart CapitalTests";
			productReference = 824E51972F10EE0100518BA8 /* Pocket Finance Smart CapitalTests.xctest */;
			productType = "com.apple.product-type.bundle.unit-test";
		};
		824E51A02F10EE0200518BA8 /* Pocket Finance Smart CapitalUITests */ = {
			isa = PBXNativeTarget;
			buildConfigurationList = 824E51B12F10EE0200518BA8 /* Build configuration list for PBXNativeTarget "Pocket Finance Smart CapitalUITests" */;
			buildPhases = (
				824E519D2F10EE0200518BA8 /* Sources */,
				824E519E2F10EE0200518BA8 /* Frameworks */,
				824E519F2F10EE0200518BA8 /* Resources */,
			);
			buildRules = (
			);
			dependencies = (
				824E51A32F10EE0200518BA8 /* PBXTargetDependency */,
			);
			fileSystemSynchronizedGroups = (
				824E51A42F10EE0200518BA8 /* Pocket Finance Smart CapitalUITests */,
			);
			name = "Pocket Finance Smart CapitalUITests";
			packageProductDependencies = (
			);
			productName = "Pocket Finance Smart CapitalUITests";
			productReference = 824E51A12F10EE0200518BA8 /* Pocket Finance Smart CapitalUITests.xctest */;
			productType = "com.apple.product-type.bundle.ui-testing";
		};
/* End PBXNativeTarget section */

/* Begin PBXProject section */
		824E517E2F10EDFF00518BA8 /* Project object */ = {
			isa = PBXProject;
			attributes = {
				BuildIndependentTargetsInParallel = 1;
				LastSwiftUpdateCheck = 1620;
				LastUpgradeCheck = 1620;
				TargetAttributes = {
					824E51852F10EDFF00518BA8 = {
						CreatedOnToolsVersion = 16.2;
					};
					824E51962F10EE0100518BA8 = {
						CreatedOnToolsVersion = 16.2;
						TestTargetID = 824E51852F10EDFF00518BA8;
					};
					824E51A02F10EE0200518BA8 = {
						CreatedOnToolsVersion = 16.2;
						TestTargetID = 824E51852F10EDFF00518BA8;
					};
				};
			};
			buildConfigurationList = 824E51812F10EDFF00518BA8 /* Build configuration list for PBXProject "Pocket Finance Smart Capital" */;
			developmentRegion = en;
			hasScannedForEncodings = 0;
			knownRegions = (
				en,
				Base,
			);
			mainGroup = 824E517D2F10EDFF00518BA8;
			minimizedProjectReferenceProxies = 1;
			preferredProjectObjectVersion = 77;
			productRefGroup = 824E51872F10EDFF00518BA8 /* Products */;
			projectDirPath = "";
			projectRoot = "";
			targets = (
				824E51852F10EDFF00518BA8 /* Pocket Finance Smart Capital */,
				824E51962F10EE0100518BA8 /* Pocket Finance Smart CapitalTests */,
				824E51A02F10EE0200518BA8 /* Pocket Finance Smart CapitalUITests */,
			);
		};
/* End PBXProject section */

/* Begin PBXResourcesBuildPhase section */
		824E51842F10EDFF00518BA8 /* Resources */ = {
			isa = PBXResourcesBuildPhase;
			buildActionMask = 2147483647;
			files = (
			);
			runOnlyForDeploymentPostprocessing = 0;
		};
		824E51952F10EE0100518BA8 /* Resources */ = {
			isa = PBXResourcesBuildPhase;
			buildActionMask = 2147483647;
			files = (
			);
			runOnlyForDeploymentPostprocessing = 0;
		};
		824E519F2F10EE0200518BA8 /* Resources */ = {
			isa = PBXResourcesBuildPhase;
			buildActionMask = 2147483647;
			files = (
			);
			runOnlyForDeploymentPostprocessing = 0;
		};
/* End PBXResourcesBuildPhase section */

/* Begin PBXSourcesBuildPhase section */
		824E51822F10EDFF00518BA8 /* Sources */ = {
			isa = PBXSourcesBuildPhase;
			buildActionMask = 2147483647;
			files = (
			);
			runOnlyForDeploymentPostprocessing = 0;
		};
		824E51932F10EE0100518BA8 /* Sources */ = {
			isa = PBXSourcesBuildPhase;
			buildActionMask = 2147483647;
			files = (
			);
			runOnlyForDeploymentPostprocessing = 0;
		};
		824E519D2F10EE0200518BA8 /* Sources */ = {
			isa = PBXSourcesBuildPhase;
			buildActionMask = 2147483647;
			files = (
			);
			runOnlyForDeploymentPostprocessing = 0;
		};
/* End PBXSourcesBuildPhase section */

/* Begin PBXTargetDependency section */
		824E51992F10EE0100518BA8 /* PBXTargetDependency */ = {
			isa = PBXTargetDependency;
			target = 824E51852F10EDFF00518BA8 /* Pocket Finance Smart Capital */;
			targetProxy = 824E51982F10EE0100518BA8 /* PBXContainerItemProxy */;
		};
		824E51A32F10EE0200518BA8 /* PBXTargetDependency */ = {
			isa = PBXTargetDependency;
			target = 824E51852F10EDFF00518BA8 /* Pocket Finance Smart Capital */;
			targetProxy = 824E51A22F10EE0200518BA8 /* PBXContainerItemProxy */;
		};
/* End PBXTargetDependency section */

/* Begin XCBuildConfiguration section */
		824E51A92F10EE0200518BA8 /* Debug */ = {
			isa = XCBuildConfiguration;
			buildSettings = {
				ALWAYS_SEARCH_USER_PATHS = NO;
				ASSETCATALOG_COMPILER_GENERATE_SWIFT_ASSET_SYMBOL_EXTENSIONS = YES;
				CLANG_ANALYZER_NONNULL = YES;
				CLANG_ANALYZER_NUMBER_OBJECT_CONVERSION = YES_AGGRESSIVE;
				CLANG_CXX_LANGUAGE_STANDARD = "gnu++20";
				CLANG_ENABLE_MODULES = YES;
				CLANG_ENABLE_OBJC_ARC = YES;
				CLANG_ENABLE_OBJC_WEAK = YES;
				CLANG_WARN_BLOCK_CAPTURE_AUTORELEASING = YES;
				CLANG_WARN_BOOL_CONVERSION = YES;
				CLANG_WARN_COMMA = YES;
				CLANG_WARN_CONSTANT_CONVERSION = YES;
				CLANG_WARN_DEPRECATED_OBJC_IMPLEMENTATIONS = YES;
				CLANG_WARN_DIRECT_OBJC_ISA_USAGE = YES_ERROR;
				CLANG_WARN_DOCUMENTATION_COMMENTS = YES;
				CLANG_WARN_EMPTY_BODY = YES;
				CLANG_WARN_ENUM_CONVERSION = YES;
				CLANG_WARN_INFINITE_RECURSION = YES;
				CLANG_WARN_INT_CONVERSION = YES;
				CLANG_WARN_NON_LITERAL_NULL_CONVERSION = YES;
				CLANG_WARN_OBJC_IMPLICIT_RETAIN_SELF = YES;
				CLANG_WARN_OBJC_LITERAL_CONVERSION = YES;
				CLANG_WARN_OBJC_ROOT_CLASS = YES_ERROR;
				CLANG_WARN_QUOTED_INCLUDE_IN_FRAMEWORK_HEADER = YES;
				CLANG_WARN_RANGE_LOOP_ANALYSIS = YES;
				CLANG_WARN_STRICT_PROTOTYPES = YES;
				CLANG_WARN_SUSPICIOUS_MOVE = YES;
				CLANG_WARN_UNGUARDED_AVAILABILITY = YES_AGGRESSIVE;
				CLANG_WARN_UNREACHABLE_CODE = YES;
				CLANG_WARN__DUPLICATE_METHOD_MATCH = YES;
				COPY_PHASE_STRIP = NO;
				DEBUG_INFORMATION_FORMAT = dwarf;
				ENABLE_STRICT_OBJC_MSGSEND = YES;
				ENABLE_TESTABILITY = YES;
				ENABLE_USER_SCRIPT_SANDBOXING = YES;
				GCC_C_LANGUAGE_STANDARD = gnu17;
				GCC_DYNAMIC_NO_PIC = NO;
				GCC_NO_COMMON_BLOCKS = YES;
				GCC_OPTIMIZATION_LEVEL = 0;
				GCC_PREPROCESSOR_DEFINITIONS = (
					"DEBUG=1",
					"$(inherited)",
				);
				GCC_WARN_64_TO_32_BIT_CONVERSION = YES;
				GCC_WARN_ABOUT_RETURN_TYPE = YES_ERROR;
				GCC_WARN_UNDECLARED_SELECTOR = YES;
				GCC_WARN_UNINITIALIZED_AUTOS = YES_AGGRESSIVE;
				GCC_WARN_UNUSED_FUNCTION = YES;
				GCC_WARN_UNUSED_VARIABLE = YES;
				LOCALIZATION_PREFERS_STRING_CATALOGS = YES;
				MTL_ENABLE_DEBUG_INFO = INCLUDE_SOURCE;
				MTL_FAST_MATH = YES;
				ONLY_ACTIVE_ARCH = YES;
				SWIFT_ACTIVE_COMPILATION_CONDITIONS = "DEBUG $(inherited)";
				SWIFT_OPTIMIZATION_LEVEL = "-Onone";
			};
			name = Debug;
		};
		824E51AA2F10EE0200518BA8 /* Release */ = {
			isa = XCBuildConfiguration;
			buildSettings = {
				ALWAYS_SEARCH_USER_PATHS = NO;
				ASSETCATALOG_COMPILER_GENERATE_SWIFT_ASSET_SYMBOL_EXTENSIONS = YES;
				CLANG_ANALYZER_NONNULL = YES;
				CLANG_ANALYZER_NUMBER_OBJECT_CONVERSION = YES_AGGRESSIVE;
				CLANG_CXX_LANGUAGE_STANDARD = "gnu++20";
				CLANG_ENABLE_MODULES = YES;
				CLANG_ENABLE_OBJC_ARC = YES;
				CLANG_ENABLE_OBJC_WEAK = YES;
				CLANG_WARN_BLOCK_CAPTURE_AUTORELEASING = YES;
				CLANG_WARN_BOOL_CONVERSION = YES;
				CLANG_WARN_COMMA = YES;
				CLANG_WARN_CONSTANT_CONVERSION = YES;
				CLANG_WARN_DEPRECATED_OBJC_IMPLEMENTATIONS = YES;
				CLANG_WARN_DIRECT_OBJC_ISA_USAGE = YES_ERROR;
				CLANG_WARN_DOCUMENTATION_COMMENTS = YES;
				CLANG_WARN_EMPTY_BODY = YES;
				CLANG_WARN_ENUM_CONVERSION = YES;
				CLANG_WARN_INFINITE_RECURSION = YES;
				CLANG_WARN_INT_CONVERSION = YES;
				CLANG_WARN_NON_LITERAL_NULL_CONVERSION = YES;
				CLANG_WARN_OBJC_IMPLICIT_RETAIN_SELF = YES;
				CLANG_WARN_OBJC_LITERAL_CONVERSION = YES;
				CLANG_WARN_OBJC_ROOT_CLASS = YES_ERROR;
				CLANG_WARN_QUOTED_INCLUDE_IN_FRAMEWORK_HEADER = YES;
				CLANG_WARN_RANGE_LOOP_ANALYSIS = YES;
				CLANG_WARN_STRICT_PROTOTYPES = YES;
				CLANG_WARN_SUSPICIOUS_MOVE = YES;
				CLANG_WARN_UNGUARDED_AVAILABILITY = YES_AGGRESSIVE;
				CLANG_WARN_UNREACHABLE_CODE = YES;
				CLANG_WARN__DUPLICATE_METHOD_MATCH = YES;
				COPY_PHASE_STRIP = NO;
				DEBUG_INFORMATION_FORMAT = "dwarf-with-dsym";
				ENABLE_NS_ASSERTIONS = NO;
				ENABLE_STRICT_OBJC_MSGSEND = YES;
				ENABLE_USER_SCRIPT_SANDBOXING = YES;
				GCC_C_LANGUAGE_STANDARD = gnu17;
				GCC_NO_COMMON_BLOCKS = YES;
				GCC_WARN_64_TO_32_BIT_CONVERSION = YES;
				GCC_WARN_ABOUT_RETURN_TYPE = YES_ERROR;
				GCC_WARN_UNDECLARED_SELECTOR = YES;
				GCC_WARN_UNINITIALIZED_AUTOS = YES_AGGRESSIVE;
				GCC_WARN_UNUSED_FUNCTION = YES;
				GCC_WARN_UNUSED_VARIABLE = YES;
				LOCALIZATION_PREFERS_STRING_CATALOGS = YES;
				MTL_ENABLE_DEBUG_INFO = NO;
				MTL_FAST_MATH = YES;
				SWIFT_COMPILATION_MODE = wholemodule;
			};
			name = Release;
		};
		824E51AC2F10EE0200518BA8 /* Debug */ = {
			isa = XCBuildConfiguration;
			buildSettings = {
				ASSETCATALOG_COMPILER_APPICON_NAME = AppIcon;
				ASSETCATALOG_COMPILER_GLOBAL_ACCENT_COLOR_NAME = AccentColor;
				CODE_SIGN_ENTITLEMENTS = "Pocket Finance Smart Capital/Pocket_Finance_Smart_Capital.entitlements";
				CODE_SIGN_STYLE = Automatic;
				CURRENT_PROJECT_VERSION = 1;
				DEVELOPMENT_ASSET_PATHS = "\"Pocket Finance Smart Capital/Preview Content\"";
				ENABLE_PREVIEWS = YES;
				GENERATE_INFOPLIST_FILE = YES;
				"INFOPLIST_KEY_UIApplicationSceneManifest_Generation[sdk=iphoneos*]" = YES;
				"INFOPLIST_KEY_UIApplicationSceneManifest_Generation[sdk=iphonesimulator*]" = YES;
				"INFOPLIST_KEY_UIApplicationSupportsIndirectInputEvents[sdk=iphoneos*]" = YES;
				"INFOPLIST_KEY_UIApplicationSupportsIndirectInputEvents[sdk=iphonesimulator*]" = YES;
				"INFOPLIST_KEY_UILaunchScreen_Generation[sdk=iphoneos*]" = YES;
				"INFOPLIST_KEY_UILaunchScreen_Generation[sdk=iphonesimulator*]" = YES;
				"INFOPLIST_KEY_UIStatusBarStyle[sdk=iphoneos*]" = UIStatusBarStyleDefault;
				"INFOPLIST_KEY_UIStatusBarStyle[sdk=iphonesimulator*]" = UIStatusBarStyleDefault;
				INFOPLIST_KEY_UISupportedInterfaceOrientations_iPad = "UIInterfaceOrientationPortrait UIInterfaceOrientationPortraitUpsideDown UIInterfaceOrientationLandscapeLeft UIInterfaceOrientationLandscapeRight";
				INFOPLIST_KEY_UISupportedInterfaceOrientations_iPhone = "UIInterfaceOrientationPortrait UIInterfaceOrientationLandscapeLeft UIInterfaceOrientationLandscapeRight";
				IPHONEOS_DEPLOYMENT_TARGET = 18.2;
				LD_RUNPATH_SEARCH_PATHS = "@executable_path/Frameworks";
				"LD_RUNPATH_SEARCH_PATHS[sdk=macosx*]" = "@executable_path/../Frameworks";
				MACOSX_DEPLOYMENT_TARGET = 15.2;
				MARKETING_VERSION = 1.0;
				PRODUCT_BUNDLE_IDENTIFIER = "com.example.project.Pocket-Finance-Smart-Capital";
				PRODUCT_NAME = "$(TARGET_NAME)";
				SDKROOT = auto;
				SUPPORTED_PLATFORMS = "iphoneos iphonesimulator macosx xros xrsimulator";
				SWIFT_EMIT_LOC_STRINGS = YES;
				SWIFT_VERSION = 5.0;
				TARGETED_DEVICE_FAMILY = "1,2,7";
				XROS_DEPLOYMENT_TARGET = 2.2;
			};
			name = Debug;
		};
		824E51AD2F10EE0200518BA8 /* Release */ = {
			isa = XCBuildConfiguration;
			buildSettings = {
				ASSETCATALOG_COMPILER_APPICON_NAME = AppIcon;
				ASSETCATALOG_COMPILER_GLOBAL_ACCENT_COLOR_NAME = AccentColor;
				CODE_SIGN_ENTITLEMENTS = "Pocket Finance Smart Capital/Pocket_Finance_Smart_Capital.entitlements";
				CODE_SIGN_STYLE = Automatic;
				CURRENT_PROJECT_VERSION = 1;
				DEVELOPMENT_ASSET_PATHS = "\"Pocket Finance Smart Capital/Preview Content\"";
				ENABLE_PREVIEWS = YES;
				GENERATE_INFOPLIST_FILE = YES;
				"INFOPLIST_KEY_UIApplicationSceneManifest_Generation[sdk=iphoneos*]" = YES;
				"INFOPLIST_KEY_UIApplicationSceneManifest_Generation[sdk=iphonesimulator*]" = YES;
				"INFOPLIST_KEY_UIApplicationSupportsIndirectInputEvents[sdk=iphoneos*]" = YES;
				"INFOPLIST_KEY_UIApplicationSupportsIndirectInputEvents[sdk=iphonesimulator*]" = YES;
				"INFOPLIST_KEY_UILaunchScreen_Generation[sdk=iphoneos*]" = YES;
				"INFOPLIST_KEY_UILaunchScreen_Generation[sdk=iphonesimulator*]" = YES;
				"INFOPLIST_KEY_UIStatusBarStyle[sdk=iphoneos*]" = UIStatusBarStyleDefault;
				"INFOPLIST_KEY_UIStatusBarStyle[sdk=iphonesimulator*]" = UIStatusBarStyleDefault;
				INFOPLIST_KEY_UISupportedInterfaceOrientations_iPad = "UIInterfaceOrientationPortrait UIInterfaceOrientationPortraitUpsideDown UIInterfaceOrientationLandscapeLeft UIInterfaceOrientationLandscapeRight";
				INFOPLIST_KEY_UISupportedInterfaceOrientations_iPhone = "UIInterfaceOrientationPortrait UIInterfaceOrientationLandscapeLeft UIInterfaceOrientationLandscapeRight";
				IPHONEOS_DEPLOYMENT_TARGET = 18.2;
				LD_RUNPATH_SEARCH_PATHS = "@executable_path/Frameworks";
				"LD_RUNPATH_SEARCH_PATHS[sdk=macosx*]" = "@executable_path/../Frameworks";
				MACOSX_DEPLOYMENT_TARGET = 15.2;
				MARKETING_VERSION = 1.0;
				PRODUCT_BUNDLE_IDENTIFIER = "com.example.project.Pocket-Finance-Smart-Capital";
				PRODUCT_NAME = "$(TARGET_NAME)";
				SDKROOT = auto;
				SUPPORTED_PLATFORMS = "iphoneos iphonesimulator macosx xros xrsimulator";
				SWIFT_EMIT_LOC_STRINGS = YES;
				SWIFT_VERSION = 5.0;
				TARGETED_DEVICE_FAMILY = "1,2,7";
				XROS_DEPLOYMENT_TARGET = 2.2;
			};
			name = Release;
		};
		824E51AF2F10EE0200518BA8 /* Debug */ = {
			isa = XCBuildConfiguration;
			buildSettings = {
				BUNDLE_LOADER = "$(TEST_HOST)";
				CODE_SIGN_STYLE = Automatic;
				CURRENT_PROJECT_VERSION = 1;
				GENERATE_INFOPLIST_FILE = YES;
				IPHONEOS_DEPLOYMENT_TARGET = 18.2;
				MACOSX_DEPLOYMENT_TARGET = 15.2;
				MARKETING_VERSION = 1.0;
				PRODUCT_BUNDLE_IDENTIFIER = "com.example.project.Pocket-Finance-Smart-CapitalTests";
				PRODUCT_NAME = "$(TARGET_NAME)";
				SDKROOT = auto;
				SUPPORTED_PLATFORMS = "iphoneos iphonesimulator macosx xros xrsimulator";
				SWIFT_EMIT_LOC_STRINGS = NO;
				SWIFT_VERSION = 5.0;
				TARGETED_DEVICE_FAMILY = "1,2,7";
				TEST_HOST = "$(BUILT_PRODUCTS_DIR)/Pocket Finance Smart Capital.app/$(BUNDLE_EXECUTABLE_FOLDER_PATH)/Pocket Finance Smart Capital";
				XROS_DEPLOYMENT_TARGET = 2.2;
			};
			name = Debug;
		};
		824E51B02F10EE0200518BA8 /* Release */ = {
			isa = XCBuildConfiguration;
			buildSettings = {
				BUNDLE_LOADER = "$(TEST_HOST)";
				CODE_SIGN_STYLE = Automatic;
				CURRENT_PROJECT_VERSION = 1;
				GENERATE_INFOPLIST_FILE = YES;
				IPHONEOS_DEPLOYMENT_TARGET = 18.2;
				MACOSX_DEPLOYMENT_TARGET = 15.2;
				MARKETING_VERSION = 1.0;
				PRODUCT_BUNDLE_IDENTIFIER = "com.example.project.Pocket-Finance-Smart-CapitalTests";
				PRODUCT_NAME = "$(TARGET_NAME)";
				SDKROOT = auto;
				SUPPORTED_PLATFORMS = "iphoneos iphonesimulator macosx xros xrsimulator";
				SWIFT_EMIT_LOC_STRINGS = NO;
				SWIFT_VERSION = 5.0;
				TARGETED_DEVICE_FAMILY = "1,2,7";
				TEST_HOST = "$(BUILT_PRODUCTS_DIR)/Pocket Finance Smart Capital.app/$(BUNDLE_EXECUTABLE_FOLDER_PATH)/Pocket Finance Smart Capital";
				XROS_DEPLOYMENT_TARGET = 2.2;
			};
			name = Release;
		};
		824E51B22F10EE0200518BA8 /* Debug */ = {
			isa = XCBuildConfiguration;
			buildSettings = {
				CODE_SIGN_STYLE = Automatic;
				CURRENT_PROJECT_VERSION = 1;
				GENERATE_INFOPLIST_FILE = YES;
				IPHONEOS_DEPLOYMENT_TARGET = 18.2;
				MACOSX_DEPLOYMENT_TARGET = 15.2;
				MARKETING_VERSION = 1.0;
				PRODUCT_BUNDLE_IDENTIFIER = "com.example.project.Pocket-Finance-Smart-CapitalUITests";
				PRODUCT_NAME = "$(TARGET_NAME)";
				SDKROOT = auto;
				SUPPORTED_PLATFORMS = "iphoneos iphonesimulator macosx xros xrsimulator";
				SWIFT_EMIT_LOC_STRINGS = NO;
				SWIFT_VERSION = 5.0;
				TARGETED_DEVICE_FAMILY = "1,2,7";
				TEST_TARGET_NAME = "Pocket Finance Smart Capital";
				XROS_DEPLOYMENT_TARGET = 2.2;
			};
			name = Debug;
		};
		824E51B32F10EE0200518BA8 /* Release */ = {
			isa = XCBuildConfiguration;
			buildSettings = {
				CODE_SIGN_STYLE = Automatic;
				CURRENT_PROJECT_VERSION = 1;
				GENERATE_INFOPLIST_FILE = YES;
				IPHONEOS_DEPLOYMENT_TARGET = 18.2;
				MACOSX_DEPLOYMENT_TARGET = 15.2;
				MARKETING_VERSION = 1.0;
				PRODUCT_BUNDLE_IDENTIFIER = "com.example.project.Pocket-Finance-Smart-CapitalUITests";
				PRODUCT_NAME = "$(TARGET_NAME)";
				SDKROOT = auto;
				SUPPORTED_PLATFORMS = "iphoneos iphonesimulator macosx xros xrsimulator";
				SWIFT_EMIT_LOC_STRINGS = NO;
				SWIFT_VERSION = 5.0;
				TARGETED_DEVICE_FAMILY = "1,2,7";
				TEST_TARGET_NAME = "Pocket Finance Smart Capital";
				XROS_DEPLOYMENT_TARGET = 2.2;
			};
			name = Release;
		};
/* End XCBuildConfiguration section */

/* Begin XCConfigurationList section */
		824E51812F10EDFF00518BA8 /* Build configuration list for PBXProject "Pocket Finance Smart Capital" */ = {
			isa = XCConfigurationList;
			buildConfigurations = (
				824E51A92F10EE0200518BA8 /* Debug */,
				824E51AA2F10EE0200518BA8 /* Release */,
			);
			defaultConfigurationIsVisible = 0;
			defaultConfigurationName = Release;
		};
		824E51AB2F10EE0200518BA8 /* Build configuration list for PBXNativeTarget "Pocket Finance Smart Capital" */ = {
			isa = XCConfigurationList;
			buildConfigurations = (
				824E51AC2F10EE0200518BA8 /* Debug */,
				824E51AD2F10EE0200518BA8 /* Release */,
			);
			defaultConfigurationIsVisible = 0;
			defaultConfigurationName = Release;
		};
		824E51AE2F10EE0200518BA8 /* Build configuration list for PBXNativeTarget "Pocket Finance Smart CapitalTests" */ = {
			isa = XCConfigurationList;
			buildConfigurations = (
				824E51AF2F10EE0200518BA8 /* Debug */,
				824E51B02F10EE0200518BA8 /* Release */,
			);
			defaultConfigurationIsVisible = 0;
			defaultConfigurationName = Release;
		};
		824E51B12F10EE0200518BA8 /* Build configuration list for PBXNativeTarget "Pocket Finance Smart CapitalUITests" */ = {
			isa = XCConfigurationList;
			buildConfigurations = (
				824E51B22F10EE0200518BA8 /* Debug */,
				824E51B32F10EE0200518BA8 /* Release */,
			);
			defaultConfigurationIsVisible = 0;
			defaultConfigurationName = Release;
		};
/* End XCConfigurationList section */
	};
	rootObject = 824E517E2F10EDFF00518BA8 /* Project object */;
}
